
Microsoft Visual Studio Solution File, Format Version 12.00
# Visual Studio Version 16
VisualStudioVersion = 16.0.29728.190
MinimumVisualStudioVersion = 10.0.40219.1
Project("{FAE04EC0-301F-11D3-BF4B-00C04F79EFBC}") = "Eshop.Entities", "Eshop.Entities\Eshop.Entities.csproj", "{73A99AB3-A444-47DE-BC51-63081F932D3E}"
EndProject
Project("{FAE04EC0-301F-11D3-BF4B-00C04F79EFBC}") = "Eshop.Database", "Eshop.Database\Eshop.Database.csproj", "{59941F8A-87E5-4F99-961B-BE5E754FF18B}"
EndProject
Project("{FAE04EC0-301F-11D3-BF4B-00C04F79EFBC}") = "Eshop.Web", "Eshop.Web\Eshop.Web.csproj", "{0406CC1E-F8B5-44B3-A101-5273D79DF493}"
EndProject
Global
	GlobalSection(SolutionConfigurationPlatforms) = preSolution
		Debug|Any CPU = Debug|Any CPU
		Release|Any CPU = Release|Any CPU
	EndGlobalSection
	GlobalSection(ProjectConfigurationPlatforms) = postSolution
		{73A99AB3-A444-47DE-BC51-63081F932D3E}.Debug|Any CPU.ActiveCfg = Debug|Any CPU
		{73A99AB3-A444-47DE-BC51-63081F932D3E}.Debug|Any CPU.Build.0 = Debug|Any CPU
		{73A99AB3-A444-47DE-BC51-63081F932D3E}.Release|Any CPU.ActiveCfg = Release|Any CPU
		{73A99AB3-A444-47DE-BC51-63081F932D3E}.Release|Any CPU.Build.0 = Release|Any CPU
		{59941F8A-87E5-4F99-961B-BE5E754FF18B}.Debug|Any CPU.ActiveCfg = Debug|Any CPU
		{59941F8A-87E5-4F99-961B-BE5E754FF18B}.Debug|Any CPU.Build.0 = Debug|Any CPU
		{59941F8A-87E5-4F99-961B-BE5E754FF18B}.Release|Any CPU.ActiveCfg = Release|Any CPU
		{59941F8A-87E5-4F99-961B-BE5E754FF18B}.Release|Any CPU.Build.0 = Release|Any CPU
		{0406CC1E-F8B5-44B3-A101-5273D79DF493}.Debug|Any CPU.ActiveCfg = Debug|Any CPU
		{0406CC1E-F8B5-44B3-A101-5273D79DF493}.Debug|Any CPU.Build.0 = Debug|Any CPU
		{0406CC1E-F8B5-44B3-A101-5273D79DF493}.Release|Any CPU.ActiveCfg = Release|Any CPU
		{0406CC1E-F8B5-44B3-A101-5273D79DF493}.Release|Any CPU.Build.0 = Release|Any CPU
	EndGlobalSection
	GlobalSection(SolutionProperties) = preSolution
		HideSolutionNode = FALSE
	EndGlobalSection
	GlobalSection(ExtensibilityGlobals) = postSolution
		SolutionGuid = {85CF92EC-B9B9-4DFB-8F67-6CACFB914873}
	EndGlobalSection
EndGlobal
